// !$*UTF8*$!
{
	archiveVersion = 1;
	classes = {
	};
	objectVersion = 48;
	objects = {

/* Begin PBXBuildFile section */
		16D541A91FF3BD4000DB18C0 /* AppDelegate.swift in Sources */ = {isa = PBXBuildFile; fileRef = 16D541A81FF3BD4000DB18C0 /* AppDelegate.swift */; };
		16D541AB1FF3BD4000DB18C0 /* art.scnassets in Resources */ = {isa = PBXBuildFile; fileRef = 16D541AA1FF3BD4000DB18C0 /* art.scnassets */; };
		16D541AD1FF3BD4000DB18C0 /* ViewController.swift in Sources */ = {isa = PBXBuildFile; fileRef = 16D541AC1FF3BD4000DB18C0 /* ViewController.swift */; };
		16D541B01FF3BD4100DB18C0 /* Main.storyboard in Resources */ = {isa = PBXBuildFile; fileRef = 16D541AE1FF3BD4100DB18C0 /* Main.storyboard */; };
		16D541B21FF3BD4100DB18C0 /* Assets.xcassets in Resources */ = {isa = PBXBuildFile; fileRef = 16D541B11FF3BD4100DB18C0 /* Assets.xcassets */; };
		16D541B51FF3BD4100DB18C0 /* LaunchScreen.storyboard in Resources */ = {isa = PBXBuildFile; fileRef = 16D541B31FF3BD4100DB18C0 /* LaunchScreen.storyboard */; };
		16D541C01FF3BD4100DB18C0 /* ARKitExampleTests.swift in Sources */ = {isa = PBXBuildFile; fileRef = 16D541BF1FF3BD4100DB18C0 /* ARKitExampleTests.swift */; };
		16D541CB1FF3BD4100DB18C0 /* ARKitExampleUITests.swift in Sources */ = {isa = PBXBuildFile; fileRef = 16D541CA1FF3BD4100DB18C0 /* ARKitExampleUITests.swift */; };
/* End PBXBuildFile section */

/* Begin PBXContainerItemProxy section */
		16D541BC1FF3BD4100DB18C0 /* PBXContainerItemProxy */ = {
			isa = PBXContainerItemProxy;
			containerPortal = 16D5419D1FF3BD4000DB18C0 /* Project object */;
			proxyType = 1;
			remoteGlobalIDString = 16D541A41FF3BD4000DB18C0;
			remoteInfo = ARKitExample;
		};
		16D541C71FF3BD4100DB18C0 /* PBXContainerItemProxy */ = {
			isa = PBXContainerItemProxy;
			containerPortal = 16D5419D1FF3BD4000DB18C0 /* Project object */;
			proxyType = 1;
			remoteGlobalIDString = 16D541A41FF3BD4000DB18C0;
			remoteInfo = ARKitExample;
		};
/* End PBXContainerItemProxy section */

/* Begin PBXFileReference section */
		16D541A51FF3BD4000DB18C0 /* ARKitExample.app */ = {isa = PBXFileReference; explicitFileType = wrapper.application; includeInIndex = 0; path = ARKitExample.app; sourceTree = BUILT_PRODUCTS_DIR; };
		16D541A81FF3BD4000DB18C0 /* AppDelegate.swift */ = {isa = PBXFileReference; lastKnownFileType = sourcecode.swift; path = AppDelegate.swift; sourceTree = "<group>"; };
		16D541AA1FF3BD4000DB18C0 /* art.scnassets */ = {isa = PBXFileReference; lastKnownFileType = wrapper.scnassets; path = art.scnassets; sourceTree = "<group>"; };
		16D541AC1FF3BD4000DB18C0 /* ViewController.swift */ = {isa = PBXFileReference; lastKnownFileType = sourcecode.swift; path = ViewController.swift; sourceTree = "<group>"; };
		16D541AF1FF3BD4100DB18C0 /* Base */ = {isa = PBXFileReference; lastKnownFileType = file.storyboard; name = Base; path = Base.lproj/Main.storyboard; sourceTree = "<group>"; };
		16D541B11FF3BD4100DB18C0 /* Assets.xcassets */ = {isa = PBXFileReference; lastKnownFileType = folder.assetcatalog; path = Assets.xcassets; sourceTree = "<group>"; };
		16D541B41FF3BD4100DB18C0 /* Base */ = {isa = PBXFileReference; lastKnownFileType = file.storyboard; name = Base; path = Base.lproj/LaunchScreen.storyboard; sourceTree = "<group>"; };
		16D541B61FF3BD4100DB18C0 /* Info.plist */ = {isa = PBXFileReference; lastKnownFileType = text.plist.xml; path = Info.plist; sourceTree = "<group>"; };
		16D541BB1FF3BD4100DB18C0 /* ARKitExampleTests.xctest */ = {isa = PBXFileReference; explicitFileType = wrapper.cfbundle; includeInIndex = 0; path = ARKitExampleTests.xctest; sourceTree = BUILT_PRODUCTS_DIR; };
		16D541BF1FF3BD4100DB18C0 /* ARKitExampleTests.swift */ = {isa = PBXFileReference; lastKnownFileType = sourcecode.swift; path = ARKitExampleTests.swift; sourceTree = "<group>"; };
		16D541C11FF3BD4100DB18C0 /* Info.plist */ = {isa = PBXFileReference; lastKnownFileType = text.plist.xml; path = Info.plist; sourceTree = "<group>"; };
		16D541C61FF3BD4100DB18C0 /* ARKitExampleUITests.xctest */ = {isa = PBXFileReference; explicitFileType = wrapper.cfbundle; includeInIndex = 0; path = ARKitExampleUITests.xctest; sourceTree = BUILT_PRODUCTS_DIR; };
		16D541CA1FF3BD4100DB18C0 /* ARKitExampleUITests.swift */ = {isa = PBXFileReference; lastKnownFileType = sourcecode.swift; path = ARKitExampleUITests.swift; sourceTree = "<group>"; };
		16D541CC1FF3BD4100DB18C0 /* Info.plist */ = {isa = PBXFileReference; lastKnownFileType = text.plist.xml; path = Info.plist; sourceTree = "<group>"; };
/* End PBXFileReference section */

/* Begin PBXFrameworksBuildPhase section */
		16D541A21FF3BD4000DB18C0 /* Frameworks */ = {
			isa = PBXFrameworksBuildPhase;
			buildActionMask = 2147483647;
			files = (
			);
			runOnlyForDeploymentPostprocessing = 0;
		};
		16D541B81FF3BD4100DB18C0 /* Frameworks */ = {
			isa = PBXFrameworksBuildPhase;
			buildActionMask = 2147483647;
			files = (
			);
			runOnlyForDeploymentPostprocessing = 0;
		};
		16D541C31FF3BD4100DB18C0 /* Frameworks */ = {
			isa = PBXFrameworksBuildPhase;
			buildActionMask = 2147483647;
			files = (
			);
			runOnlyForDeploymentPostprocessing = 0;
		};
/* End PBXFrameworksBuildPhase section */

/* Begin PBXGroup section */
		16D5419C1FF3BD4000DB18C0 = {
			isa = PBXGroup;
			children = (
				16D541A71FF3BD4000DB18C0 /* ARKitExample */,
				16D541BE1FF3BD4100DB18C0 /* ARKitExampleTests */,
				16D541C91FF3BD4100DB18C0 /* ARKitExampleUITests */,
				16D541A61FF3BD4000DB18C0 /* Products */,
			);
			sourceTree = "<group>";
		};
		16D541A61FF3BD4000DB18C0 /* Products */ = {
			isa = PBXGroup;
			children = (
				16D541A51FF3BD4000DB18C0 /* ARKitExample.app */,
				16D541BB1FF3BD4100DB18C0 /* ARKitExampleTests.xctest */,
				16D541C61FF3BD4100DB18C0 /* ARKitExampleUITests.xctest */,
			);
			name = Products;
			sourceTree = "<group>";
		};
		16D541A71FF3BD4000DB18C0 /* ARKitExample */ = {
			isa = PBXGroup;
			children = (
				16D541A81FF3BD4000DB18C0 /* AppDelegate.swift */,
				16D541AA1FF3BD4000DB18C0 /* art.scnassets */,
				16D541AC1FF3BD4000DB18C0 /* ViewController.swift */,
				16D541AE1FF3BD4100DB18C0 /* Main.storyboard */,
				16D541B11FF3BD4100DB18C0 /* Assets.xcassets */,
				16D541B31FF3BD4100DB18C0 /* LaunchScreen.storyboard */,
				16D541B61FF3BD4100DB18C0 /* Info.plist */,
			);
			path = ARKitExample;
			sourceTree = "<group>";
		};
		16D541BE1FF3BD4100DB18C0 /* ARKitExampleTests */ = {
			isa = PBXGroup;
			children = (
				16D541BF1FF3BD4100DB18C0 /* ARKitExampleTests.swift */,
				16D541C11FF3BD4100DB18C0 /* Info.plist */,
			);
			path = ARKitExampleTests;
			sourceTree = "<group>";
		};
		16D541C91FF3BD4100DB18C0 /* ARKitExampleUITests */ = {
			isa = PBXGroup;
			children = (
				16D541CA1FF3BD4100DB18C0 /* ARKitExampleUITests.swift */,
				16D541CC1FF3BD4100DB18C0 /* Info.plist */,
			);
			path = ARKitExampleUITests;
			sourceTree = "<group>";
		};
/* End PBXGroup section */

/* Begin PBXNativeTarget section */
		16D541A41FF3BD4000DB18C0 /* ARKitExample */ = {
			isa = PBXNativeTarget;
			buildConfigurationList = 16D541CF1FF3BD4100DB18C0 /* Build configuration list for PBXNativeTarget "ARKitExample" */;
			buildPhases = (
				16D541A11FF3BD4000DB18C0 /* Sources */,
				16D541A21FF3BD4000DB18C0 /* Frameworks */,
				16D541A31FF3BD4000DB18C0 /* Resources */,
			);
			buildRules = (
			);
			dependencies = (
			);
			name = ARKitExample;
			productName = ARKitExample;
			productReference = 16D541A51FF3BD4000DB18C0 /* ARKitExample.app */;
			productType = "com.apple.product-type.application";
		};
		16D541BA1FF3BD4100DB18C0 /* ARKitExampleTests */ = {
			isa = PBXNativeTarget;
			buildConfigurationList = 16D541D21FF3BD4100DB18C0 /* Build configuration list for PBXNativeTarget "ARKitExampleTests" */;
			buildPhases = (
				16D541B71FF3BD4100DB18C0 /* Sources */,
				16D541B81FF3BD4100DB18C0 /* Frameworks */,
				16D541B91FF3BD4100DB18C0 /* Resources */,
			);
			buildRules = (
			);
			dependencies = (
				16D541BD1FF3BD4100DB18C0 /* PBXTargetDependency */,
			);
			name = ARKitExampleTests;
			productName = ARKitExampleTests;
			productReference = 16D541BB1FF3BD4100DB18C0 /* ARKitExampleTests.xctest */;
			productType = "com.apple.product-type.bundle.unit-test";
		};
		16D541C51FF3BD4100DB18C0 /* ARKitExampleUITests */ = {
			isa = PBXNativeTarget;
			buildConfigurationList = 16D541D51FF3BD4100DB18C0 /* Build configuration list for PBXNativeTarget "ARKitExampleUITests" */;
			buildPhases = (
				16D541C21FF3BD4100DB18C0 /* Sources */,
				16D541C31FF3BD4100DB18C0 /* Frameworks */,
				16D541C41FF3BD4100DB18C0 /* Resources */,
			);
			buildRules = (
			);
			dependencies = (
				16D541C81FF3BD4100DB18C0 /* PBXTargetDependency */,
			);
			name = ARKitExampleUITests;
			productName = ARKitExampleUITests;
			productReference = 16D541C61FF3BD4100DB18C0 /* ARKitExampleUITests.xctest */;
			productType = "com.apple.product-type.bundle.ui-testing";
		};
/* End PBXNativeTarget section */

/* Begin PBXProject section */
		16D5419D1FF3BD4000DB18C0 /* Project object */ = {
			isa = PBXProject;
			attributes = {
				LastSwiftUpdateCheck = 0920;
				LastUpgradeCheck = 0920;
				ORGANIZATIONNAME = "Celil Bozkurt";
				TargetAttributes = {
					16D541A41FF3BD4000DB18C0 = {
						CreatedOnToolsVersion = 9.2;
						ProvisioningStyle = Automatic;
					};
					16D541BA1FF3BD4100DB18C0 = {
						CreatedOnToolsVersion = 9.2;
						ProvisioningStyle = Automatic;
						TestTargetID = 16D541A41FF3BD4000DB18C0;
					};
					16D541C51FF3BD4100DB18C0 = {
						CreatedOnToolsVersion = 9.2;
						ProvisioningStyle = Automatic;
						TestTargetID = 16D541A41FF3BD4000DB18C0;
					};
				};
			};
			buildConfigurationList = 16D541A01FF3BD4000DB18C0 /* Build configuration list for PBXProject "ARKitExample" */;
			compatibilityVersion = "Xcode 8.0";
			developmentRegion = en;
			hasScannedForEncodings = 0;
			knownRegions = (
				en,
				Base,
			);
			mainGroup = 16D5419C1FF3BD4000DB18C0;
			productRefGroup = 16D541A61FF3BD4000DB18C0 /* Products */;
			projectDirPath = "";
			projectRoot = "";
			targets = (
				16D541A41FF3BD4000DB18C0 /* ARKitExample */,
				16D541BA1FF3BD4100DB18C0 /* ARKitExampleTests */,
				16D541C51FF3BD4100DB18C0 /* ARKitExampleUITests */,
			);
		};
/* End PBXProject section */

/* Begin PBXResourcesBuildPhase section */
		16D541A31FF3BD4000DB18C0 /* Resources */ = {
			isa = PBXResourcesBuildPhase;
			buildActionMask = 2147483647;
			files = (
				16D541AB1FF3BD4000DB18C0 /* art.scnassets in Resources */,
				16D541B51FF3BD4100DB18C0 /* LaunchScreen.storyboard in Resources */,
				16D541B21FF3BD4100DB18C0 /* Assets.xcassets in Resources */,
				16D541B01FF3BD4100DB18C0 /* Main.storyboard in Resources */,
			);
			runOnlyForDeploymentPostprocessing = 0;
		};
		16D541B91FF3BD4100DB18C0 /* Resources */ = {
			isa = PBXResourcesBuildPhase;
			buildActionMask = 2147483647;
			files = (
			);
			runOnlyForDeploymentPostprocessing = 0;
		};
		16D541C41FF3BD4100DB18C0 /* Resources */ = {
			isa = PBXResourcesBuildPhase;
			buildActionMask = 2147483647;
			files = (
			);
			runOnlyForDeploymentPostprocessing = 0;
		};
/* End PBXResourcesBuildPhase section */

/* Begin PBXSourcesBuildPhase section */
		16D541A11FF3BD4000DB18C0 /* Sources */ = {
			isa = PBXSourcesBuildPhase;
			buildActionMask = 2147483647;
			files = (
				16D541AD1FF3BD4000DB18C0 /* ViewController.swift in Sources */,
				16D541A91FF3BD4000DB18C0 /* AppDelegate.swift in Sources */,
			);
			runOnlyForDeploymentPostprocessing = 0;
		};
		16D541B71FF3BD4100DB18C0 /* Sources */ = {
			isa = PBXSourcesBuildPhase;
			buildActionMask = 2147483647;
			files = (
				16D541C01FF3BD4100DB18C0 /* ARKitExampleTests.swift in Sources */,
			);
			runOnlyForDeploymentPostprocessing = 0;
		};
		16D541C21FF3BD4100DB18C0 /* Sources */ = {
			isa = PBXSourcesBuildPhase;
			buildActionMask = 2147483647;
			files = (
				16D541CB1FF3BD4100DB18C0 /* ARKitExampleUITests.swift in Sources */,
			);
			runOnlyForDeploymentPostprocessing = 0;
		};
/* End PBXSourcesBuildPhase section */

/* Begin PBXTargetDependency section */
		16D541BD1FF3BD4100DB18C0 /* PBXTargetDependency */ = {
			isa = PBXTargetDependency;
			target = 16D541A41FF3BD4000DB18C0 /* ARKitExample */;
			targetProxy = 16D541BC1FF3BD4100DB18C0 /* PBXContainerItemProxy */;
		};
		16D541C81FF3BD4100DB18C0 /* PBXTargetDependency */ = {
			isa = PBXTargetDependency;
			target = 16D541A41FF3BD4000DB18C0 /* ARKitExample */;
			targetProxy = 16D541C71FF3BD4100DB18C0 /* PBXContainerItemProxy */;
		};
/* End PBXTargetDependency section */

/* Begin PBXVariantGroup section */
		16D541AE1FF3BD4100DB18C0 /* Main.storyboard */ = {
			isa = PBXVariantGroup;
			children = (
				16D541AF1FF3BD4100DB18C0 /* Base */,
			);
			name = Main.storyboard;
			sourceTree = "<group>";
		};
		16D541B31FF3BD4100DB18C0 /* LaunchScreen.storyboard */ = {
			isa = PBXVariantGroup;
			children = (
				16D541B41FF3BD4100DB18C0 /* Base */,
			);
			name = LaunchScreen.storyboard;
			sourceTree = "<group>";
		};
/* End PBXVariantGroup section */

/* Begin XCBuildConfiguration section */
		16D541CD1FF3BD4100DB18C0 /* Debug */ = {
			isa = XCBuildConfiguration;
			buildSettings = {
				ALWAYS_SEARCH_USER_PATHS = NO;
				CLANG_ANALYZER_NONNULL = YES;
				CLANG_ANALYZER_NUMBER_OBJECT_CONVERSION = YES_AGGRESSIVE;
				CLANG_CXX_LANGUAGE_STANDARD = "gnu++14";
				CLANG_CXX_LIBRARY = "libc++";
				CLANG_ENABLE_MODULES = YES;
				CLANG_ENABLE_OBJC_ARC = YES;
				CLANG_WARN_BLOCK_CAPTURE_AUTORELEASING = YES;
				CLANG_WARN_BOOL_CONVERSION = YES;
				CLANG_WARN_COMMA = YES;
				CLANG_WARN_CONSTANT_CONVERSION = YES;
				CLANG_WARN_DIRECT_OBJC_ISA_USAGE = YES_ERROR;
				CLANG_WARN_DOCUMENTATION_COMMENTS = YES;
				CLANG_WARN_EMPTY_BODY = YES;
				CLANG_WARN_ENUM_CONVERSION = YES;
				CLANG_WARN_INFINITE_RECURSION = YES;
				CLANG_WARN_INT_CONVERSION = YES;
				CLANG_WARN_NON_LITERAL_NULL_CONVERSION = YES;
				CLANG_WARN_OBJC_LITERAL_CONVERSION = YES;
				CLANG_WARN_OBJC_ROOT_CLASS = YES_ERROR;
				CLANG_WARN_RANGE_LOOP_ANALYSIS = YES;
				CLANG_WARN_STRICT_PROTOTYPES = YES;
				CLANG_WARN_SUSPICIOUS_MOVE = YES;
				CLANG_WARN_UNGUARDED_AVAILABILITY = YES_AGGRESSIVE;
				CLANG_WARN_UNREACHABLE_CODE = YES;
				CLANG_WARN__DUPLICATE_METHOD_MATCH = YES;
				CODE_SIGN_IDENTITY = "iPhone Developer";
				COPY_PHASE_STRIP = NO;
				DEBUG_INFORMATION_FORMAT = dwarf;
				ENABLE_STRICT_OBJC_MSGSEND = YES;
				ENABLE_TESTABILITY = YES;
				GCC_C_LANGUAGE_STANDARD = gnu11;
				GCC_DYNAMIC_NO_PIC = NO;
				GCC_NO_COMMON_BLOCKS = YES;
				GCC_OPTIMIZATION_LEVEL = 0;
				GCC_PREPROCESSOR_DEFINITIONS = (
					"DEBUG=1",
					"$(inherited)",
				);
				GCC_WARN_64_TO_32_BIT_CONVERSION = YES;
				GCC_WARN_ABOUT_RETURN_TYPE = YES_ERROR;
				GCC_WARN_UNDECLARED_SELECTOR = YES;
				GCC_WARN_UNINITIALIZED_AUTOS = YES_AGGRESSIVE;
				GCC_WARN_UNUSED_FUNCTION = YES;
				GCC_WARN_UNUSED_VARIABLE = YES;
				IPHONEOS_DEPLOYMENT_TARGET = 11.2;
				MTL_ENABLE_DEBUG_INFO = YES;
				ONLY_ACTIVE_ARCH = YES;
				SDKROOT = iphoneos;
				SWIFT_ACTIVE_COMPILATION_CONDITIONS = DEBUG;
				SWIFT_OPTIMIZATION_LEVEL = "-Onone";
			};
			name = Debug;
		};
		16D541CE1FF3BD4100DB18C0 /* Release */ = {
			isa = XCBuildConfiguration;
			buildSettings = {
				ALWAYS_SEARCH_USER_PATHS = NO;
				CLANG_ANALYZER_NONNULL = YES;
				CLANG_ANALYZER_NUMBER_OBJECT_CONVERSION = YES_AGGRESSIVE;
				CLANG_CXX_LANGUAGE_STANDARD = "gnu++14";
				CLANG_CXX_LIBRARY = "libc++";
				CLANG_ENABLE_MODULES = YES;
				CLANG_ENABLE_OBJC_ARC = YES;
				CLANG_WARN_BLOCK_CAPTURE_AUTORELEASING = YES;
				CLANG_WARN_BOOL_CONVERSION = YES;
				CLANG_WARN_COMMA = YES;
				CLANG_WARN_CONSTANT_CONVERSION = YES;
				CLANG_WARN_DIRECT_OBJC_ISA_USAGE = YES_ERROR;
				CLANG_WARN_DOCUMENTATION_COMMENTS = YES;
				CLANG_WARN_EMPTY_BODY = YES;
				CLANG_WARN_ENUM_CONVERSION = YES;
				CLANG_WARN_INFINITE_RECURSION = YES;
				CLANG_WARN_INT_CONVERSION = YES;
				CLANG_WARN_NON_LITERAL_NULL_CONVERSION = YES;
				CLANG_WARN_OBJC_LITERAL_CONVERSION = YES;
				CLANG_WARN_OBJC_ROOT_CLASS = YES_ERROR;
				CLANG_WARN_RANGE_LOOP_ANALYSIS = YES;
				CLANG_WARN_STRICT_PROTOTYPES = YES;
				CLANG_WARN_SUSPICIOUS_MOVE = YES;
				CLANG_WARN_UNGUARDED_AVAILABILITY = YES_AGGRESSIVE;
				CLANG_WARN_UNREACHABLE_CODE = YES;
				CLANG_WARN__DUPLICATE_METHOD_MATCH = YES;
				CODE_SIGN_IDENTITY = "iPhone Developer";
				COPY_PHASE_STRIP = NO;
				DEBUG_INFORMATION_FORMAT = "dwarf-with-dsym";
				ENABLE_NS_ASSERTIONS = NO;
				ENABLE_STRICT_OBJC_MSGSEND = YES;
				GCC_C_LANGUAGE_STANDARD = gnu11;
				GCC_NO_COMMON_BLOCKS = YES;
				GCC_WARN_64_TO_32_BIT_CONVERSION = YES;
				GCC_WARN_ABOUT_RETURN_TYPE = YES_ERROR;
				GCC_WARN_UNDECLARED_SELECTOR = YES;
				GCC_WARN_UNINITIALIZED_AUTOS = YES_AGGRESSIVE;
				GCC_WARN_UNUSED_FUNCTION = YES;
				GCC_WARN_UNUSED_VARIABLE = YES;
				IPHONEOS_DEPLOYMENT_TARGET = 11.2;
				MTL_ENABLE_DEBUG_INFO = NO;
				SDKROOT = iphoneos;
				SWIFT_OPTIMIZATION_LEVEL = "-Owholemodule";
				VALIDATE_PRODUCT = YES;
			};
			name = Release;
		};
		16D541D01FF3BD4100DB18C0 /* Debug */ = {
			isa = XCBuildConfiguration;
			buildSettings = {
				ASSETCATALOG_COMPILER_APPICON_NAME = AppIcon;
				CODE_SIGN_STYLE = Automatic;
				DEVELOPMENT_TEAM = 4G6N3C3LBE;
				INFOPLIST_FILE = ARKitExample/Info.plist;
				LD_RUNPATH_SEARCH_PATHS = "$(inherited) @executable_path/Frameworks";
				PRODUCT_BUNDLE_IDENTIFIER = celilbozkurt.ARKitExample;
				PRODUCT_NAME = "$(TARGET_NAME)";
				SWIFT_VERSION = 4.0;
				TARGETED_DEVICE_FAMILY = "1,2";
			};
			name = Debug;
		};
		16D541D11FF3BD4100DB18C0 /* Release */ = {
			isa = XCBuildConfiguration;
			buildSettings = {
				ASSETCATALOG_COMPILER_APPICON_NAME = AppIcon;
				CODE_SIGN_STYLE = Automatic;
				DEVELOPMENT_TEAM = 4G6N3C3LBE;
				INFOPLIST_FILE = ARKitExample/Info.plist;
				LD_RUNPATH_SEARCH_PATHS = "$(inherited) @executable_path/Frameworks";
				PRODUCT_BUNDLE_IDENTIFIER = celilbozkurt.ARKitExample;
				PRODUCT_NAME = "$(TARGET_NAME)";
				SWIFT_VERSION = 4.0;
				TARGETED_DEVICE_FAMILY = "1,2";
			};
			name = Release;
		};
		16D541D31FF3BD4100DB18C0 /* Debug */ = {
			isa = XCBuildConfiguration;
			buildSettings = {
				ALWAYS_EMBED_SWIFT_STANDARD_LIBRARIES = YES;
				BUNDLE_LOADER = "$(TEST_HOST)";
				CODE_SIGN_STYLE = Automatic;
				DEVELOPMENT_TEAM = 4G6N3C3LBE;
				INFOPLIST_FILE = ARKitExampleTests/Info.plist;
				LD_RUNPATH_SEARCH_PATHS = "$(inherited) @executable_path/Frameworks @loader_path/Frameworks";
				PRODUCT_BUNDLE_IDENTIFIER = celilbozkurt.ARKitExampleTests;
				PRODUCT_NAME = "$(TARGET_NAME)";
				SWIFT_VERSION = 4.0;
				TARGETED_DEVICE_FAMILY = "1,2";
				TEST_HOST = "$(BUILT_PRODUCTS_DIR)/ARKitExample.app/ARKitExample";
			};
			name = Debug;
		};
		16D541D41FF3BD4100DB18C0 /* Release */ = {
			isa = XCBuildConfiguration;
			buildSettings = {
				ALWAYS_EMBED_SWIFT_STANDARD_LIBRARIES = YES;
				BUNDLE_LOADER = "$(TEST_HOST)";
				CODE_SIGN_STYLE = Automatic;
				DEVELOPMENT_TEAM = 4G6N3C3LBE;
				INFOPLIST_FILE = ARKitExampleTests/Info.plist;
				LD_RUNPATH_SEARCH_PATHS = "$(inherited) @executable_path/Frameworks @loader_path/Frameworks";
				PRODUCT_BUNDLE_IDENTIFIER = celilbozkurt.ARKitExampleTests;
				PRODUCT_NAME = "$(TARGET_NAME)";
				SWIFT_VERSION = 4.0;
				TARGETED_DEVICE_FAMILY = "1,2";
				TEST_HOST = "$(BUILT_PRODUCTS_DIR)/ARKitExample.app/ARKitExample";
			};
			name = Release;
		};
		16D541D61FF3BD4100DB18C0 /* Debug */ = {
			isa = XCBuildConfiguration;
			buildSettings = {
				ALWAYS_EMBED_SWIFT_STANDARD_LIBRARIES = YES;
				CODE_SIGN_STYLE = Automatic;
				DEVELOPMENT_TEAM = 4G6N3C3LBE;
				INFOPLIST_FILE = ARKitExampleUITests/Info.plist;
				LD_RUNPATH_SEARCH_PATHS = "$(inherited) @executable_path/Frameworks @loader_path/Frameworks";
				PRODUCT_BUNDLE_IDENTIFIER = celilbozkurt.ARKitExampleUITests;
				PRODUCT_NAME = "$(TARGET_NAME)";
				SWIFT_VERSION = 4.0;
				TARGETED_DEVICE_FAMILY = "1,2";
				TEST_TARGET_NAME = ARKitExample;
			};
			name = Debug;
		};
		16D541D71FF3BD4100DB18C0 /* Release */ = {
			isa = XCBuildConfiguration;
			buildSettings = {
				ALWAYS_EMBED_SWIFT_STANDARD_LIBRARIES = YES;
				CODE_SIGN_STYLE = Automatic;
				DEVELOPMENT_TEAM = 4G6N3C3LBE;
				INFOPLIST_FILE = ARKitExampleUITests/Info.plist;
				LD_RUNPATH_SEARCH_PATHS = "$(inherited) @executable_path/Frameworks @loader_path/Frameworks";
				PRODUCT_BUNDLE_IDENTIFIER = celilbozkurt.ARKitExampleUITests;
				PRODUCT_NAME = "$(TARGET_NAME)";
				SWIFT_VERSION = 4.0;
				TARGETED_DEVICE_FAMILY = "1,2";
				TEST_TARGET_NAME = ARKitExample;
			};
			name = Release;
		};
/* End XCBuildConfiguration section */

/* Begin XCConfigurationList section */
		16D541A01FF3BD4000DB18C0 /* Build configuration list for PBXProject "ARKitExample" */ = {
			isa = XCConfigurationList;
			buildConfigurations = (
				16D541CD1FF3BD4100DB18C0 /* Debug */,
				16D541CE1FF3BD4100DB18C0 /* Release */,
			);
			defaultConfigurationIsVisible = 0;
			defaultConfigurationName = Release;
		};
		16D541CF1FF3BD4100DB18C0 /* Build configuration list for PBXNativeTarget "ARKitExample" */ = {
			isa = XCConfigurationList;
			buildConfigurations = (
				16D541D01FF3BD4100DB18C0 /* Debug */,
				16D541D11FF3BD4100DB18C0 /* Release */,
			);
			defaultConfigurationIsVisible = 0;
			defaultConfigurationName = Release;
		};
		16D541D21FF3BD4100DB18C0 /* Build configuration list for PBXNativeTarget "ARKitExampleTests" */ = {
			isa = XCConfigurationList;
			buildConfigurations = (
				16D541D31FF3BD4100DB18C0 /* Debug */,
				16D541D41FF3BD4100DB18C0 /* Release */,
			);
			defaultConfigurationIsVisible = 0;
			defaultConfigurationName = Release;
		};
		16D541D51FF3BD4100DB18C0 /* Build configuration list for PBXNativeTarget "ARKitExampleUITests" */ = {
			isa = XCConfigurationList;
			buildConfigurations = (
				16D541D61FF3BD4100DB18C0 /* Debug */,
				16D541D71FF3BD4100DB18C0 /* Release */,
			);
			defaultConfigurationIsVisible = 0;
			defaultConfigurationName = Release;
		};
/* End XCConfigurationList section */
	};
	rootObject = 16D5419D1FF3BD4000DB18C0 /* Project object */;
}
